
Microsoft Visual Studio Solution File, Format Version 12.00
Project("{FAE04EC0-301F-11D3-BF4B-00C04F79EFBC}") = "PersonnelApp.Domains", "PersonnelApp.Domains\PersonnelApp.Domains.csproj", "{FB2E39F5-B9C4-4BC8-8B7B-1D89300AA435}"
EndProject
Project("{FAE04EC0-301F-11D3-BF4B-00C04F79EFBC}") = "PersonnelApp.DAL", "PersonnelApp.DAL\PersonnelApp.DAL.csproj", "{2DCA370E-B4B6-4C1C-BCE1-313C29E391DA}"
EndProject
Project("{FAE04EC0-301F-11D3-BF4B-00C04F79EFBC}") = "WebApplication1", "WebApplication1\WebApplication1.csproj", "{5B3736D4-2876-464E-848A-EB77AF26FF48}"
EndProject
Global
	GlobalSection(SolutionConfigurationPlatforms) = preSolution
		Debug|Any CPU = Debug|Any CPU
		Release|Any CPU = Release|Any CPU
	EndGlobalSection
	GlobalSection(ProjectConfigurationPlatforms) = postSolution
		{FB2E39F5-B9C4-4BC8-8B7B-1D89300AA435}.Debug|Any CPU.ActiveCfg = Debug|Any CPU
		{FB2E39F5-B9C4-4BC8-8B7B-1D89300AA435}.Debug|Any CPU.Build.0 = Debug|Any CPU
		{FB2E39F5-B9C4-4BC8-8B7B-1D89300AA435}.Release|Any CPU.ActiveCfg = Release|Any CPU
		{FB2E39F5-B9C4-4BC8-8B7B-1D89300AA435}.Release|Any CPU.Build.0 = Release|Any CPU
		{2DCA370E-B4B6-4C1C-BCE1-313C29E391DA}.Debug|Any CPU.ActiveCfg = Debug|Any CPU
		{2DCA370E-B4B6-4C1C-BCE1-313C29E391DA}.Debug|Any CPU.Build.0 = Debug|Any CPU
		{2DCA370E-B4B6-4C1C-BCE1-313C29E391DA}.Release|Any CPU.ActiveCfg = Release|Any CPU
		{2DCA370E-B4B6-4C1C-BCE1-313C29E391DA}.Release|Any CPU.Build.0 = Release|Any CPU
		{5B3736D4-2876-464E-848A-EB77AF26FF48}.Debug|Any CPU.ActiveCfg = Debug|Any CPU
		{5B3736D4-2876-464E-848A-EB77AF26FF48}.Debug|Any CPU.Build.0 = Debug|Any CPU
		{5B3736D4-2876-464E-848A-EB77AF26FF48}.Release|Any CPU.ActiveCfg = Release|Any CPU
		{5B3736D4-2876-464E-848A-EB77AF26FF48}.Release|Any CPU.Build.0 = Release|Any CPU
	EndGlobalSection
EndGlobal
